
Microsoft Visual Studio Solution File, Format Version 12.00
# Visual Studio Version 17
VisualStudioVersion = 17.6.33815.320
MinimumVisualStudioVersion = 10.0.40219.1
Project("{FAE04EC0-301F-11D3-BF4B-00C04F79EFBC}") = "ItpBusiness", "ItpBusiness.csproj", "{B8E584F7-8549-4730-A8DB-285FB04D37FA}"
EndProject
Global
	GlobalSection(SolutionConfigurationPlatforms) = preSolution
		Debug|Any CPU = Debug|Any CPU
		Release|Any CPU = Release|Any CPU
	EndGlobalSection
	GlobalSection(ProjectConfigurationPlatforms) = postSolution
		{B8E584F7-8549-4730-A8DB-285FB04D37FA}.Debug|Any CPU.ActiveCfg = Debug|Any CPU
		{B8E584F7-8549-4730-A8DB-285FB04D37FA}.Debug|Any CPU.Build.0 = Debug|Any CPU
		{B8E584F7-8549-4730-A8DB-285FB04D37FA}.Release|Any CPU.ActiveCfg = Release|Any CPU
		{B8E584F7-8549-4730-A8DB-285FB04D37FA}.Release|Any CPU.Build.0 = Release|Any CPU
	EndGlobalSection
	GlobalSection(SolutionProperties) = preSolution
		HideSolutionNode = FALSE
	EndGlobalSection
	GlobalSection(ExtensibilityGlobals) = postSolution
		SolutionGuid = {0BB9FC91-C36B-4247-B455-BDA274485118}
	EndGlobalSection
EndGlobal
